
Microsoft Visual Studio Solution File, Format Version 12.00
# Visual Studio Version 17
VisualStudioVersion = 17.11.35312.102
MinimumVisualStudioVersion = 10.0.40219.1
Project("{FAE04EC0-301F-11D3-BF4B-00C04F79EFBC}") = "CartService", "CartService\CartService.csproj", "{FD01E87D-DCC8-437C-AF1D-53DB9F1571C9}"
EndProject
Project("{FAE04EC0-301F-11D3-BF4B-00C04F79EFBC}") = "CartService.Tests", "CartService.Tests\CartService.Tests.csproj", "{ADCB7AD3-6F8D-48E4-8147-5C3BCEA6DCC7}"
EndProject
Global
	GlobalSection(SolutionConfigurationPlatforms) = preSolution
		Debug|Any CPU = Debug|Any CPU
		Release|Any CPU = Release|Any CPU
	EndGlobalSection
	GlobalSection(ProjectConfigurationPlatforms) = postSolution
		{FD01E87D-DCC8-437C-AF1D-53DB9F1571C9}.Debug|Any CPU.ActiveCfg = Debug|Any CPU
		{FD01E87D-DCC8-437C-AF1D-53DB9F1571C9}.Debug|Any CPU.Build.0 = Debug|Any CPU
		{FD01E87D-DCC8-437C-AF1D-53DB9F1571C9}.Release|Any CPU.ActiveCfg = Release|Any CPU
		{FD01E87D-DCC8-437C-AF1D-53DB9F1571C9}.Release|Any CPU.Build.0 = Release|Any CPU
		{ADCB7AD3-6F8D-48E4-8147-5C3BCEA6DCC7}.Debug|Any CPU.ActiveCfg = Debug|Any CPU
		{ADCB7AD3-6F8D-48E4-8147-5C3BCEA6DCC7}.Debug|Any CPU.Build.0 = Debug|Any CPU
		{ADCB7AD3-6F8D-48E4-8147-5C3BCEA6DCC7}.Release|Any CPU.ActiveCfg = Release|Any CPU
		{ADCB7AD3-6F8D-48E4-8147-5C3BCEA6DCC7}.Release|Any CPU.Build.0 = Release|Any CPU
	EndGlobalSection
	GlobalSection(SolutionProperties) = preSolution
		HideSolutionNode = FALSE
	EndGlobalSection
	GlobalSection(ExtensibilityGlobals) = postSolution
		SolutionGuid = {FCBD5EA8-FE58-4536-BE8A-9A6260259693}
	EndGlobalSection
EndGlobal
