Microsoft Visual Studio Solution File, Format Version 12.00
# Visual Studio Version 17
VisualStudioVersion = 17.12.35527.113
MinimumVisualStudioVersion = 10.0.40219.1
Project("{FAE04EC0-301F-11D3-BF4B-00C04F79EFBC}") = "NetAdvanced.AppHost", "NetAdvanced.AppHost\NetAdvanced.AppHost.csproj", "{C410F733-BB58-4E60-97DE-ED55E6FDDBB7}"
EndProject
Project("{FAE04EC0-301F-11D3-BF4B-00C04F79EFBC}") = "NetAdvanced.ServiceDefaults", "NetAdvanced.ServiceDefaults\NetAdvanced.ServiceDefaults.csproj", "{0A4528E4-F6AA-46AC-91B4-22D7F670373F}"
EndProject
Project("{2150E333-8FDC-42A3-9474-1A3956D46DE8}") = "AspireHost", "AspireHost", "{1557232C-49D6-4AC9-A8B0-9CD44728ECE1}"
EndProject
Project("{2150E333-8FDC-42A3-9474-1A3956D46DE8}") = "Applications", "Applications", "{899C8A02-6EAA-47CB-83EF-C70F45464B11}"
EndProject
Project("{2150E333-8FDC-42A3-9474-1A3956D46DE8}") = "Common", "Common", "{20B23718-770C-4B80-B812-FC8B554474AB}"
EndProject
Project("{FAE04EC0-301F-11D3-BF4B-00C04F79EFBC}") = "CartService", "..\..\CartService\CartService\CartService.csproj", "{11722BCD-9788-4B09-9B43-3D5C0F646B33}"
EndProject
Project("{2150E333-8FDC-42A3-9474-1A3956D46DE8}") = "IdentityServer", "IdentityServer", "{84E21F80-8122-491E-A11B-CABC460BA4B2}"
EndProject
Project("{FAE04EC0-301F-11D3-BF4B-00C04F79EFBC}") = "IdentityServer", "..\..\IdentityServer\IdentityServer\IdentityServer.csproj", "{724B8DB6-0A79-46CC-AB9B-017BA814B3BD}"
EndProject
Project("{2150E333-8FDC-42A3-9474-1A3956D46DE8}") = "CatalogService", "CatalogService", "{696EEF13-8C3C-434D-992D-40E52C021A48}"
EndProject
Project("{FAE04EC0-301F-11D3-BF4B-00C04F79EFBC}") = "Application", "..\..\CatalogService\src\Application\Application.csproj", "{4AD5B497-5790-4044-8C19-EBBE189E8CD3}"
EndProject
Project("{FAE04EC0-301F-11D3-BF4B-00C04F79EFBC}") = "Domain", "..\..\CatalogService\src\Domain\Domain.csproj", "{39A1D3AB-271F-423E-8CCA-10FC8D8CF96E}"
EndProject
Project("{FAE04EC0-301F-11D3-BF4B-00C04F79EFBC}") = "Infrastructure", "..\..\CatalogService\src\Infrastructure\Infrastructure.csproj", "{6651F2C2-2843-44B8-BF98-9445C4018610}"
EndProject
Project("{FAE04EC0-301F-11D3-BF4B-00C04F79EFBC}") = "Web", "..\..\CatalogService\src\Web\Web.csproj", "{1255CF21-3082-4022-82FF-B39E7CB03AC3}"
EndProject
Global
	GlobalSection(SolutionConfigurationPlatforms) = preSolution
		Debug|Any CPU = Debug|Any CPU
		Release|Any CPU = Release|Any CPU
	EndGlobalSection
	GlobalSection(ProjectConfigurationPlatforms) = postSolution
		{C410F733-BB58-4E60-97DE-ED55E6FDDBB7}.Debug|Any CPU.ActiveCfg = Debug|Any CPU
		{C410F733-BB58-4E60-97DE-ED55E6FDDBB7}.Debug|Any CPU.Build.0 = Debug|Any CPU
		{C410F733-BB58-4E60-97DE-ED55E6FDDBB7}.Release|Any CPU.ActiveCfg = Release|Any CPU
		{C410F733-BB58-4E60-97DE-ED55E6FDDBB7}.Release|Any CPU.Build.0 = Release|Any CPU
		{0A4528E4-F6AA-46AC-91B4-22D7F670373F}.Debug|Any CPU.ActiveCfg = Debug|Any CPU
		{0A4528E4-F6AA-46AC-91B4-22D7F670373F}.Debug|Any CPU.Build.0 = Debug|Any CPU
		{0A4528E4-F6AA-46AC-91B4-22D7F670373F}.Release|Any CPU.ActiveCfg = Release|Any CPU
		{0A4528E4-F6AA-46AC-91B4-22D7F670373F}.Release|Any CPU.Build.0 = Release|Any CPU
		{11722BCD-9788-4B09-9B43-3D5C0F646B33}.Debug|Any CPU.ActiveCfg = Debug|Any CPU
		{11722BCD-9788-4B09-9B43-3D5C0F646B33}.Debug|Any CPU.Build.0 = Debug|Any CPU
		{11722BCD-9788-4B09-9B43-3D5C0F646B33}.Release|Any CPU.ActiveCfg = Release|Any CPU
		{11722BCD-9788-4B09-9B43-3D5C0F646B33}.Release|Any CPU.Build.0 = Release|Any CPU
		{724B8DB6-0A79-46CC-AB9B-017BA814B3BD}.Debug|Any CPU.ActiveCfg = Debug|Any CPU
		{724B8DB6-0A79-46CC-AB9B-017BA814B3BD}.Debug|Any CPU.Build.0 = Debug|Any CPU
		{724B8DB6-0A79-46CC-AB9B-017BA814B3BD}.Release|Any CPU.ActiveCfg = Release|Any CPU
		{724B8DB6-0A79-46CC-AB9B-017BA814B3BD}.Release|Any CPU.Build.0 = Release|Any CPU
		{4AD5B497-5790-4044-8C19-EBBE189E8CD3}.Debug|Any CPU.ActiveCfg = Debug|Any CPU
		{4AD5B497-5790-4044-8C19-EBBE189E8CD3}.Debug|Any CPU.Build.0 = Debug|Any CPU
		{4AD5B497-5790-4044-8C19-EBBE189E8CD3}.Release|Any CPU.ActiveCfg = Release|Any CPU
		{4AD5B497-5790-4044-8C19-EBBE189E8CD3}.Release|Any CPU.Build.0 = Release|Any CPU
		{39A1D3AB-271F-423E-8CCA-10FC8D8CF96E}.Debug|Any CPU.ActiveCfg = Debug|Any CPU
		{39A1D3AB-271F-423E-8CCA-10FC8D8CF96E}.Debug|Any CPU.Build.0 = Debug|Any CPU
		{39A1D3AB-271F-423E-8CCA-10FC8D8CF96E}.Release|Any CPU.ActiveCfg = Release|Any CPU
		{39A1D3AB-271F-423E-8CCA-10FC8D8CF96E}.Release|Any CPU.Build.0 = Release|Any CPU
		{6651F2C2-2843-44B8-BF98-9445C4018610}.Debug|Any CPU.ActiveCfg = Debug|Any CPU
		{6651F2C2-2843-44B8-BF98-9445C4018610}.Debug|Any CPU.Build.0 = Debug|Any CPU
		{6651F2C2-2843-44B8-BF98-9445C4018610}.Release|Any CPU.ActiveCfg = Release|Any CPU
		{6651F2C2-2843-44B8-BF98-9445C4018610}.Release|Any CPU.Build.0 = Release|Any CPU
		{1255CF21-3082-4022-82FF-B39E7CB03AC3}.Debug|Any CPU.ActiveCfg = Debug|Any CPU
		{1255CF21-3082-4022-82FF-B39E7CB03AC3}.Debug|Any CPU.Build.0 = Debug|Any CPU
		{1255CF21-3082-4022-82FF-B39E7CB03AC3}.Release|Any CPU.ActiveCfg = Release|Any CPU
		{1255CF21-3082-4022-82FF-B39E7CB03AC3}.Release|Any CPU.Build.0 = Release|Any CPU
	EndGlobalSection
	GlobalSection(SolutionProperties) = preSolution
		HideSolutionNode = FALSE
	EndGlobalSection
	GlobalSection(NestedProjects) = preSolution
		{C410F733-BB58-4E60-97DE-ED55E6FDDBB7} = {1557232C-49D6-4AC9-A8B0-9CD44728ECE1}
		{0A4528E4-F6AA-46AC-91B4-22D7F670373F} = {20B23718-770C-4B80-B812-FC8B554474AB}
		{20B23718-770C-4B80-B812-FC8B554474AB} = {899C8A02-6EAA-47CB-83EF-C70F45464B11}
		{11722BCD-9788-4B09-9B43-3D5C0F646B33} = {899C8A02-6EAA-47CB-83EF-C70F45464B11}
		{84E21F80-8122-491E-A11B-CABC460BA4B2} = {899C8A02-6EAA-47CB-83EF-C70F45464B11}
		{724B8DB6-0A79-46CC-AB9B-017BA814B3BD} = {84E21F80-8122-491E-A11B-CABC460BA4B2}
		{696EEF13-8C3C-434D-992D-40E52C021A48} = {899C8A02-6EAA-47CB-83EF-C70F45464B11}
		{4AD5B497-5790-4044-8C19-EBBE189E8CD3} = {696EEF13-8C3C-434D-992D-40E52C021A48}
		{39A1D3AB-271F-423E-8CCA-10FC8D8CF96E} = {696EEF13-8C3C-434D-992D-40E52C021A48}
		{6651F2C2-2843-44B8-BF98-9445C4018610} = {696EEF13-8C3C-434D-992D-40E52C021A48}
		{1255CF21-3082-4022-82FF-B39E7CB03AC3} = {696EEF13-8C3C-434D-992D-40E52C021A48}
	EndGlobalSection
EndGlobal
